// !$*UTF8*$!
{
	archiveVersion = 1;
	classes = {
	};
	objectVersion = 46;
	objects = {

/* Begin PBXBuildFile section */
		342C7C561C961B680093CBBC /* main.cpp in Sources */ = {isa = PBXBuildFile; fileRef = 342C7C551C961B680093CBBC /* main.cpp */; };
		342C7C5D1C961BC70093CBBC /* OpenGL.framework in Frameworks */ = {isa = PBXBuildFile; fileRef = 342C7C5C1C961BC70093CBBC /* OpenGL.framework */; };
		342C7C5F1C961FFC0093CBBC /* libglfw.3.1.dylib in Frameworks */ = {isa = PBXBuildFile; fileRef = 342C7C5E1C961FFC0093CBBC /* libglfw.3.1.dylib */; };
		34D1CD531C96370F00043025 /* libGLEW.1.13.0.dylib in Frameworks */ = {isa = PBXBuildFile; fileRef = 34D1CD521C96370F00043025 /* libGLEW.1.13.0.dylib */; };
/* End PBXBuildFile section */

/* Begin PBXCopyFilesBuildPhase section */
		342C7C501C961B680093CBBC /* CopyFiles */ = {
			isa = PBXCopyFilesBuildPhase;
			buildActionMask = 2147483647;
			dstPath = /usr/share/man/man1/;
			dstSubfolderSpec = 0;
			files = (
			);
			runOnlyForDeploymentPostprocessing = 1;
		};
/* End PBXCopyFilesBuildPhase section */

/* Begin PBXFileReference section */
		342C7C521C961B680093CBBC /* OpenGLStarter */ = {isa = PBXFileReference; explicitFileType = "compiled.mach-o.executable"; includeInIndex = 0; path = OpenGLStarter; sourceTree = BUILT_PRODUCTS_DIR; };
		342C7C551C961B680093CBBC /* main.cpp */ = {isa = PBXFileReference; lastKnownFileType = sourcecode.cpp.cpp; path = main.cpp; sourceTree = "<group>"; };
		342C7C5C1C961BC70093CBBC /* OpenGL.framework */ = {isa = PBXFileReference; lastKnownFileType = wrapper.framework; name = OpenGL.framework; path = System/Library/Frameworks/OpenGL.framework; sourceTree = SDKROOT; };
		342C7C5E1C961FFC0093CBBC /* libglfw.3.1.dylib */ = {isa = PBXFileReference; lastKnownFileType = "compiled.mach-o.dylib"; name = libglfw.3.1.dylib; path = ../../../../usr/local/lib/libglfw.3.1.dylib; sourceTree = "<group>"; };
		34D1CD521C96370F00043025 /* libGLEW.1.13.0.dylib */ = {isa = PBXFileReference; lastKnownFileType = "compiled.mach-o.dylib"; name = libGLEW.1.13.0.dylib; path = ../../../../usr/local/lib/libGLEW.1.13.0.dylib; sourceTree = "<group>"; };
/* End PBXFileReference section */

/* Begin PBXFrameworksBuildPhase section */
		342C7C4F1C961B680093CBBC /* Frameworks */ = {
			isa = PBXFrameworksBuildPhase;
			buildActionMask = 2147483647;
			files = (
				34D1CD531C96370F00043025 /* libGLEW.1.13.0.dylib in Frameworks */,
				342C7C5F1C961FFC0093CBBC /* libglfw.3.1.dylib in Frameworks */,
				342C7C5D1C961BC70093CBBC /* OpenGL.framework in Frameworks */,
			);
			runOnlyForDeploymentPostprocessing = 0;
		};
/* End PBXFrameworksBuildPhase section */

/* Begin PBXGroup section */
		342C7C491C961B680093CBBC = {
			isa = PBXGroup;
			children = (
				34D1CD521C96370F00043025 /* libGLEW.1.13.0.dylib */,
				342C7C5E1C961FFC0093CBBC /* libglfw.3.1.dylib */,
				342C7C5C1C961BC70093CBBC /* OpenGL.framework */,
				342C7C541C961B680093CBBC /* OpenGLStarter */,
				342C7C531C961B680093CBBC /* Products */,
			);
			sourceTree = "<group>";
		};
		342C7C531C961B680093CBBC /* Products */ = {
			isa = PBXGroup;
			children = (
				342C7C521C961B680093CBBC /* OpenGLStarter */,
			);
			name = Products;
			sourceTree = "<group>";
		};
		342C7C541C961B680093CBBC /* OpenGLStarter */ = {
			isa = PBXGroup;
			children = (
				342C7C551C961B680093CBBC /* main.cpp */,
			);
			path = OpenGLStarter;
			sourceTree = "<group>";
		};
/* End PBXGroup section */

/* Begin PBXNativeTarget section */
		342C7C511C961B680093CBBC /* OpenGLStarter */ = {
			isa = PBXNativeTarget;
			buildConfigurationList = 342C7C591C961B680093CBBC /* Build configuration list for PBXNativeTarget "OpenGLStarter" */;
			buildPhases = (
				342C7C4E1C961B680093CBBC /* Sources */,
				342C7C4F1C961B680093CBBC /* Frameworks */,
				342C7C501C961B680093CBBC /* CopyFiles */,
			);
			buildRules = (
			);
			dependencies = (
			);
			name = OpenGLStarter;
			productName = Opengl2;
			productReference = 342C7C521C961B680093CBBC /* OpenGLStarter */;
			productType = "com.apple.product-type.tool";
		};
/* End PBXNativeTarget section */

/* Begin PBXProject section */
		342C7C4A1C961B680093CBBC /* Project object */ = {
			isa = PBXProject;
			attributes = {
				LastUpgradeCheck = 0730;
				ORGANIZATIONNAME = "Anaid Gakhokidze";
				TargetAttributes = {
					342C7C511C961B680093CBBC = {
						CreatedOnToolsVersion = 7.3;
					};
				};
			};
			buildConfigurationList = 342C7C4D1C961B680093CBBC /* Build configuration list for PBXProject "OpenGLStarter" */;
			compatibilityVersion = "Xcode 3.2";
			developmentRegion = English;
			hasScannedForEncodings = 0;
			knownRegions = (
				en,
			);
			mainGroup = 342C7C491C961B680093CBBC;
			productRefGroup = 342C7C531C961B680093CBBC /* Products */;
			projectDirPath = "";
			projectRoot = "";
			targets = (
				342C7C511C961B680093CBBC /* OpenGLStarter */,
			);
		};
/* End PBXProject section */

/* Begin PBXSourcesBuildPhase section */
		342C7C4E1C961B680093CBBC /* Sources */ = {
			isa = PBXSourcesBuildPhase;
			buildActionMask = 2147483647;
			files = (
				342C7C561C961B680093CBBC /* main.cpp in Sources */,
			);
			runOnlyForDeploymentPostprocessing = 0;
		};
/* End PBXSourcesBuildPhase section */

/* Begin XCBuildConfiguration section */
		342C7C571C961B680093CBBC /* Debug */ = {
			isa = XCBuildConfiguration;
			buildSettings = {
				ALWAYS_SEARCH_USER_PATHS = NO;
				CLANG_ANALYZER_NONNULL = YES;
				CLANG_CXX_LANGUAGE_STANDARD = "gnu++0x";
				CLANG_CXX_LIBRARY = "libc++";
				CLANG_ENABLE_MODULES = YES;
				CLANG_ENABLE_OBJC_ARC = YES;
				CLANG_WARN_BOOL_CONVERSION = YES;
				CLANG_WARN_CONSTANT_CONVERSION = YES;
				CLANG_WARN_DIRECT_OBJC_ISA_USAGE = YES_ERROR;
				CLANG_WARN_EMPTY_BODY = YES;
				CLANG_WARN_ENUM_CONVERSION = YES;
				CLANG_WARN_INT_CONVERSION = YES;
				CLANG_WARN_OBJC_ROOT_CLASS = YES_ERROR;
				CLANG_WARN_UNREACHABLE_CODE = YES;
				CLANG_WARN__DUPLICATE_METHOD_MATCH = YES;
				CODE_SIGN_IDENTITY = "-";
				COPY_PHASE_STRIP = NO;
				DEBUG_INFORMATION_FORMAT = dwarf;
				ENABLE_STRICT_OBJC_MSGSEND = YES;
				ENABLE_TESTABILITY = YES;
				GCC_C_LANGUAGE_STANDARD = gnu99;
				GCC_DYNAMIC_NO_PIC = NO;
				GCC_NO_COMMON_BLOCKS = YES;
				GCC_OPTIMIZATION_LEVEL = 0;
				GCC_PREPROCESSOR_DEFINITIONS = (
					"DEBUG=1",
					"$(inherited)",
				);
				GCC_WARN_64_TO_32_BIT_CONVERSION = YES;
				GCC_WARN_ABOUT_RETURN_TYPE = YES_ERROR;
				GCC_WARN_UNDECLARED_SELECTOR = YES;
				GCC_WARN_UNINITIALIZED_AUTOS = YES_AGGRESSIVE;
				GCC_WARN_UNUSED_FUNCTION = YES;
				GCC_WARN_UNUSED_VARIABLE = YES;
				MACOSX_DEPLOYMENT_TARGET = 10.11;
				MTL_ENABLE_DEBUG_INFO = YES;
				ONLY_ACTIVE_ARCH = YES;
				OTHER_LDFLAGS = "-lGLEW";
				SDKROOT = macosx;
			};
			name = Debug;
		};
		342C7C581C961B680093CBBC /* Release */ = {
			isa = XCBuildConfiguration;
			buildSettings = {
				ALWAYS_SEARCH_USER_PATHS = NO;
				CLANG_ANALYZER_NONNULL = YES;
				CLANG_CXX_LANGUAGE_STANDARD = "gnu++0x";
				CLANG_CXX_LIBRARY = "libc++";
				CLANG_ENABLE_MODULES = YES;
				CLANG_ENABLE_OBJC_ARC = YES;
				CLANG_WARN_BOOL_CONVERSION = YES;
				CLANG_WARN_CONSTANT_CONVERSION = YES;
				CLANG_WARN_DIRECT_OBJC_ISA_USAGE = YES_ERROR;
				CLANG_WARN_EMPTY_BODY = YES;
				CLANG_WARN_ENUM_CONVERSION = YES;
				CLANG_WARN_INT_CONVERSION = YES;
				CLANG_WARN_OBJC_ROOT_CLASS = YES_ERROR;
				CLANG_WARN_UNREACHABLE_CODE = YES;
				CLANG_WARN__DUPLICATE_METHOD_MATCH = YES;
				CODE_SIGN_IDENTITY = "-";
				COPY_PHASE_STRIP = NO;
				DEBUG_INFORMATION_FORMAT = "dwarf-with-dsym";
				ENABLE_NS_ASSERTIONS = NO;
				ENABLE_STRICT_OBJC_MSGSEND = YES;
				GCC_C_LANGUAGE_STANDARD = gnu99;
				GCC_NO_COMMON_BLOCKS = YES;
				GCC_WARN_64_TO_32_BIT_CONVERSION = YES;
				GCC_WARN_ABOUT_RETURN_TYPE = YES_ERROR;
				GCC_WARN_UNDECLARED_SELECTOR = YES;
				GCC_WARN_UNINITIALIZED_AUTOS = YES_AGGRESSIVE;
				GCC_WARN_UNUSED_FUNCTION = YES;
				GCC_WARN_UNUSED_VARIABLE = YES;
				MACOSX_DEPLOYMENT_TARGET = 10.11;
				MTL_ENABLE_DEBUG_INFO = NO;
				OTHER_LDFLAGS = "-lGLEW";
				SDKROOT = macosx;
			};
			name = Release;
		};
		342C7C5A1C961B680093CBBC /* Debug */ = {
			isa = XCBuildConfiguration;
			buildSettings = {
				HEADER_SEARCH_PATHS = (
					/usr/local/include,
					/usr/local/opt,
				);
				LIBRARY_SEARCH_PATHS = /usr/local/lib;
				PRODUCT_NAME = OpenGLStarter;
			};
			name = Debug;
		};
		342C7C5B1C961B680093CBBC /* Release */ = {
			isa = XCBuildConfiguration;
			buildSettings = {
				HEADER_SEARCH_PATHS = (
					/usr/local/include,
					/usr/local/opt,
				);
				LIBRARY_SEARCH_PATHS = /usr/local/lib;
				PRODUCT_NAME = OpenGLStarter;
			};
			name = Release;
		};
/* End XCBuildConfiguration section */

/* Begin XCConfigurationList section */
		342C7C4D1C961B680093CBBC /* Build configuration list for PBXProject "OpenGLStarter" */ = {
			isa = XCConfigurationList;
			buildConfigurations = (
				342C7C571C961B680093CBBC /* Debug */,
				342C7C581C961B680093CBBC /* Release */,
			);
			defaultConfigurationIsVisible = 0;
			defaultConfigurationName = Release;
		};
		342C7C591C961B680093CBBC /* Build configuration list for PBXNativeTarget "OpenGLStarter" */ = {
			isa = XCConfigurationList;
			buildConfigurations = (
				342C7C5A1C961B680093CBBC /* Debug */,
				342C7C5B1C961B680093CBBC /* Release */,
			);
			defaultConfigurationIsVisible = 0;
			defaultConfigurationName = Release;
		};
/* End XCConfigurationList section */
	};
	rootObject = 342C7C4A1C961B680093CBBC /* Project object */;
}
